// !$*UTF8*$!
{
	archiveVersion = 1;
	classes = {
	};
	objectVersion = 50;
	objects = {

/* Begin PBXBuildFile section */
		65A34AE4049F12C52583D52F /* Pods_ParseTubeDemo.framework in Frameworks */ = {isa = PBXBuildFile; fileRef = 38EF2FEB53D91AB62625D3CD /* Pods_ParseTubeDemo.framework */; };
		667A7AA52571381B003F360A /* AppDelegate.swift in Sources */ = {isa = PBXBuildFile; fileRef = 667A7AA42571381B003F360A /* AppDelegate.swift */; };
		667A7AA72571381B003F360A /* SceneDelegate.swift in Sources */ = {isa = PBXBuildFile; fileRef = 667A7AA62571381B003F360A /* SceneDelegate.swift */; };
		667A7AA92571381B003F360A /* ViewController.swift in Sources */ = {isa = PBXBuildFile; fileRef = 667A7AA82571381B003F360A /* ViewController.swift */; };
		667A7AAC2571381B003F360A /* Main.storyboard in Resources */ = {isa = PBXBuildFile; fileRef = 667A7AAA2571381B003F360A /* Main.storyboard */; };
		667A7AAE2571381E003F360A /* Assets.xcassets in Resources */ = {isa = PBXBuildFile; fileRef = 667A7AAD2571381E003F360A /* Assets.xcassets */; };
		667A7AB12571381E003F360A /* LaunchScreen.storyboard in Resources */ = {isa = PBXBuildFile; fileRef = 667A7AAF2571381E003F360A /* LaunchScreen.storyboard */; };
/* End PBXBuildFile section */

/* Begin PBXFileReference section */
		38EF2FEB53D91AB62625D3CD /* Pods_ParseTubeDemo.framework */ = {isa = PBXFileReference; explicitFileType = wrapper.framework; includeInIndex = 0; path = Pods_ParseTubeDemo.framework; sourceTree = BUILT_PRODUCTS_DIR; };
		667A7AA12571381B003F360A /* ParseTubeDemo.app */ = {isa = PBXFileReference; explicitFileType = wrapper.application; includeInIndex = 0; path = ParseTubeDemo.app; sourceTree = BUILT_PRODUCTS_DIR; };
		667A7AA42571381B003F360A /* AppDelegate.swift */ = {isa = PBXFileReference; lastKnownFileType = sourcecode.swift; path = AppDelegate.swift; sourceTree = "<group>"; };
		667A7AA62571381B003F360A /* SceneDelegate.swift */ = {isa = PBXFileReference; lastKnownFileType = sourcecode.swift; path = SceneDelegate.swift; sourceTree = "<group>"; };
		667A7AA82571381B003F360A /* ViewController.swift */ = {isa = PBXFileReference; lastKnownFileType = sourcecode.swift; path = ViewController.swift; sourceTree = "<group>"; };
		667A7AAB2571381B003F360A /* Base */ = {isa = PBXFileReference; lastKnownFileType = file.storyboard; name = Base; path = Base.lproj/Main.storyboard; sourceTree = "<group>"; };
		667A7AAD2571381E003F360A /* Assets.xcassets */ = {isa = PBXFileReference; lastKnownFileType = folder.assetcatalog; path = Assets.xcassets; sourceTree = "<group>"; };
		667A7AB02571381E003F360A /* Base */ = {isa = PBXFileReference; lastKnownFileType = file.storyboard; name = Base; path = Base.lproj/LaunchScreen.storyboard; sourceTree = "<group>"; };
		667A7AB22571381E003F360A /* Info.plist */ = {isa = PBXFileReference; lastKnownFileType = text.plist.xml; path = Info.plist; sourceTree = "<group>"; };
		CE93234622900462D07899BE /* Pods-ParseTubeDemo.debug.xcconfig */ = {isa = PBXFileReference; includeInIndex = 1; lastKnownFileType = text.xcconfig; name = "Pods-ParseTubeDemo.debug.xcconfig"; path = "Target Support Files/Pods-ParseTubeDemo/Pods-ParseTubeDemo.debug.xcconfig"; sourceTree = "<group>"; };
		E3B21574D4D210FBFFFA1770 /* Pods-ParseTubeDemo.release.xcconfig */ = {isa = PBXFileReference; includeInIndex = 1; lastKnownFileType = text.xcconfig; name = "Pods-ParseTubeDemo.release.xcconfig"; path = "Target Support Files/Pods-ParseTubeDemo/Pods-ParseTubeDemo.release.xcconfig"; sourceTree = "<group>"; };
/* End PBXFileReference section */

/* Begin PBXFrameworksBuildPhase section */
		667A7A9E2571381B003F360A /* Frameworks */ = {
			isa = PBXFrameworksBuildPhase;
			buildActionMask = 2147483647;
			files = (
				65A34AE4049F12C52583D52F /* Pods_ParseTubeDemo.framework in Frameworks */,
			);
			runOnlyForDeploymentPostprocessing = 0;
		};
/* End PBXFrameworksBuildPhase section */

/* Begin PBXGroup section */
		0C0EE4C5068ACDFE6AD2E5B9 /* Frameworks */ = {
			isa = PBXGroup;
			children = (
				38EF2FEB53D91AB62625D3CD /* Pods_ParseTubeDemo.framework */,
			);
			name = Frameworks;
			sourceTree = "<group>";
		};
		667A7A982571381B003F360A = {
			isa = PBXGroup;
			children = (
				667A7AA32571381B003F360A /* ParseTubeDemo */,
				667A7AA22571381B003F360A /* Products */,
				98C69095195C8FDF17E88EA1 /* Pods */,
				0C0EE4C5068ACDFE6AD2E5B9 /* Frameworks */,
			);
			sourceTree = "<group>";
		};
		667A7AA22571381B003F360A /* Products */ = {
			isa = PBXGroup;
			children = (
				667A7AA12571381B003F360A /* ParseTubeDemo.app */,
			);
			name = Products;
			sourceTree = "<group>";
		};
		667A7AA32571381B003F360A /* ParseTubeDemo */ = {
			isa = PBXGroup;
			children = (
				667A7AA42571381B003F360A /* AppDelegate.swift */,
				667A7AA62571381B003F360A /* SceneDelegate.swift */,
				667A7AA82571381B003F360A /* ViewController.swift */,
				667A7AAA2571381B003F360A /* Main.storyboard */,
				667A7AAD2571381E003F360A /* Assets.xcassets */,
				667A7AAF2571381E003F360A /* LaunchScreen.storyboard */,
				667A7AB22571381E003F360A /* Info.plist */,
			);
			path = ParseTubeDemo;
			sourceTree = "<group>";
		};
		98C69095195C8FDF17E88EA1 /* Pods */ = {
			isa = PBXGroup;
			children = (
				CE93234622900462D07899BE /* Pods-ParseTubeDemo.debug.xcconfig */,
				E3B21574D4D210FBFFFA1770 /* Pods-ParseTubeDemo.release.xcconfig */,
			);
			name = Pods;
			path = Pods;
			sourceTree = "<group>";
		};
/* End PBXGroup section */

/* Begin PBXNativeTarget section */
		667A7AA02571381B003F360A /* ParseTubeDemo */ = {
			isa = PBXNativeTarget;
			buildConfigurationList = 667A7AB52571381E003F360A /* Build configuration list for PBXNativeTarget "ParseTubeDemo" */;
			buildPhases = (
				7B81A05B8035F3BE1E4F5739 /* [CP] Check Pods Manifest.lock */,
				667A7A9D2571381B003F360A /* Sources */,
				667A7A9E2571381B003F360A /* Frameworks */,
				667A7A9F2571381B003F360A /* Resources */,
				A1DD758255848BC1B43A4DDB /* [CP] Embed Pods Frameworks */,
			);
			buildRules = (
			);
			dependencies = (
			);
			name = ParseTubeDemo;
			productName = ParseTubeDemo;
			productReference = 667A7AA12571381B003F360A /* ParseTubeDemo.app */;
			productType = "com.apple.product-type.application";
		};
/* End PBXNativeTarget section */

/* Begin PBXProject section */
		667A7A992571381B003F360A /* Project object */ = {
			isa = PBXProject;
			attributes = {
				LastSwiftUpdateCheck = 1220;
				LastUpgradeCheck = 1220;
				TargetAttributes = {
					667A7AA02571381B003F360A = {
						CreatedOnToolsVersion = 12.2;
					};
				};
			};
			buildConfigurationList = 667A7A9C2571381B003F360A /* Build configuration list for PBXProject "ParseTubeDemo" */;
			compatibilityVersion = "Xcode 9.3";
			developmentRegion = en;
			hasScannedForEncodings = 0;
			knownRegions = (
				en,
				Base,
			);
			mainGroup = 667A7A982571381B003F360A;
			productRefGroup = 667A7AA22571381B003F360A /* Products */;
			projectDirPath = "";
			projectRoot = "";
			targets = (
				667A7AA02571381B003F360A /* ParseTubeDemo */,
			);
		};
/* End PBXProject section */

/* Begin PBXResourcesBuildPhase section */
		667A7A9F2571381B003F360A /* Resources */ = {
			isa = PBXResourcesBuildPhase;
			buildActionMask = 2147483647;
			files = (
				667A7AB12571381E003F360A /* LaunchScreen.storyboard in Resources */,
				667A7AAE2571381E003F360A /* Assets.xcassets in Resources */,
				667A7AAC2571381B003F360A /* Main.storyboard in Resources */,
			);
			runOnlyForDeploymentPostprocessing = 0;
		};
/* End PBXResourcesBuildPhase section */

/* Begin PBXShellScriptBuildPhase section */
		7B81A05B8035F3BE1E4F5739 /* [CP] Check Pods Manifest.lock */ = {
			isa = PBXShellScriptBuildPhase;
			buildActionMask = 2147483647;
			files = (
			);
			inputFileListPaths = (
			);
			inputPaths = (
				"${PODS_PODFILE_DIR_PATH}/Podfile.lock",
				"${PODS_ROOT}/Manifest.lock",
			);
			name = "[CP] Check Pods Manifest.lock";
			outputFileListPaths = (
			);
			outputPaths = (
				"$(DERIVED_FILE_DIR)/Pods-ParseTubeDemo-checkManifestLockResult.txt",
			);
			runOnlyForDeploymentPostprocessing = 0;
			shellPath = /bin/sh;
			shellScript = "diff \"${PODS_PODFILE_DIR_PATH}/Podfile.lock\" \"${PODS_ROOT}/Manifest.lock\" > /dev/null\nif [ $? != 0 ] ; then\n    # print error to STDERR\n    echo \"error: The sandbox is not in sync with the Podfile.lock. Run 'pod install' or update your CocoaPods installation.\" >&2\n    exit 1\nfi\n# This output is used by Xcode 'outputs' to avoid re-running this script phase.\necho \"SUCCESS\" > \"${SCRIPT_OUTPUT_FILE_0}\"\n";
			showEnvVarsInLog = 0;
		};
		A1DD758255848BC1B43A4DDB /* [CP] Embed Pods Frameworks */ = {
			isa = PBXShellScriptBuildPhase;
			buildActionMask = 2147483647;
			files = (
			);
			inputFileListPaths = (
				"${PODS_ROOT}/Target Support Files/Pods-ParseTubeDemo/Pods-ParseTubeDemo-frameworks-${CONFIGURATION}-input-files.xcfilelist",
			);
			name = "[CP] Embed Pods Frameworks";
			outputFileListPaths = (
				"${PODS_ROOT}/Target Support Files/Pods-ParseTubeDemo/Pods-ParseTubeDemo-frameworks-${CONFIGURATION}-output-files.xcfilelist",
			);
			runOnlyForDeploymentPostprocessing = 0;
			shellPath = /bin/sh;
			shellScript = "\"${PODS_ROOT}/Target Support Files/Pods-ParseTubeDemo/Pods-ParseTubeDemo-frameworks.sh\"\n";
			showEnvVarsInLog = 0;
		};
/* End PBXShellScriptBuildPhase section */

/* Begin PBXSourcesBuildPhase section */
		667A7A9D2571381B003F360A /* Sources */ = {
			isa = PBXSourcesBuildPhase;
			buildActionMask = 2147483647;
			files = (
				667A7AA92571381B003F360A /* ViewController.swift in Sources */,
				667A7AA52571381B003F360A /* AppDelegate.swift in Sources */,
				667A7AA72571381B003F360A /* SceneDelegate.swift in Sources */,
			);
			runOnlyForDeploymentPostprocessing = 0;
		};
/* End PBXSourcesBuildPhase section */

/* Begin PBXVariantGroup section */
		667A7AAA2571381B003F360A /* Main.storyboard */ = {
			isa = PBXVariantGroup;
			children = (
				667A7AAB2571381B003F360A /* Base */,
			);
			name = Main.storyboard;
			sourceTree = "<group>";
		};
		667A7AAF2571381E003F360A /* LaunchScreen.storyboard */ = {
			isa = PBXVariantGroup;
			children = (
				667A7AB02571381E003F360A /* Base */,
			);
			name = LaunchScreen.storyboard;
			sourceTree = "<group>";
		};
/* End PBXVariantGroup section */

/* Begin XCBuildConfiguration section */
		667A7AB32571381E003F360A /* Debug */ = {
			isa = XCBuildConfiguration;
			buildSettings = {
				ALWAYS_SEARCH_USER_PATHS = NO;
				CLANG_ANALYZER_NONNULL = YES;
				CLANG_ANALYZER_NUMBER_OBJECT_CONVERSION = YES_AGGRESSIVE;
				CLANG_CXX_LANGUAGE_STANDARD = "gnu++14";
				CLANG_CXX_LIBRARY = "libc++";
				CLANG_ENABLE_MODULES = YES;
				CLANG_ENABLE_OBJC_ARC = YES;
				CLANG_ENABLE_OBJC_WEAK = YES;
				CLANG_WARN_BLOCK_CAPTURE_AUTORELEASING = YES;
				CLANG_WARN_BOOL_CONVERSION = YES;
				CLANG_WARN_COMMA = YES;
				CLANG_WARN_CONSTANT_CONVERSION = YES;
				CLANG_WARN_DEPRECATED_OBJC_IMPLEMENTATIONS = YES;
				CLANG_WARN_DIRECT_OBJC_ISA_USAGE = YES_ERROR;
				CLANG_WARN_DOCUMENTATION_COMMENTS = YES;
				CLANG_WARN_EMPTY_BODY = YES;
				CLANG_WARN_ENUM_CONVERSION = YES;
				CLANG_WARN_INFINITE_RECURSION = YES;
				CLANG_WARN_INT_CONVERSION = YES;
				CLANG_WARN_NON_LITERAL_NULL_CONVERSION = YES;
				CLANG_WARN_OBJC_IMPLICIT_RETAIN_SELF = YES;
				CLANG_WARN_OBJC_LITERAL_CONVERSION = YES;
				CLANG_WARN_OBJC_ROOT_CLASS = YES_ERROR;
				CLANG_WARN_QUOTED_INCLUDE_IN_FRAMEWORK_HEADER = YES;
				CLANG_WARN_RANGE_LOOP_ANALYSIS = YES;
				CLANG_WARN_STRICT_PROTOTYPES = YES;
				CLANG_WARN_SUSPICIOUS_MOVE = YES;
				CLANG_WARN_UNGUARDED_AVAILABILITY = YES_AGGRESSIVE;
				CLANG_WARN_UNREACHABLE_CODE = YES;
				CLANG_WARN__DUPLICATE_METHOD_MATCH = YES;
				COPY_PHASE_STRIP = NO;
				DEBUG_INFORMATION_FORMAT = dwarf;
				ENABLE_STRICT_OBJC_MSGSEND = YES;
				ENABLE_TESTABILITY = YES;
				GCC_C_LANGUAGE_STANDARD = gnu11;
				GCC_DYNAMIC_NO_PIC = NO;
				GCC_NO_COMMON_BLOCKS = YES;
				GCC_OPTIMIZATION_LEVEL = 0;
				GCC_PREPROCESSOR_DEFINITIONS = (
					"DEBUG=1",
					"$(inherited)",
				);
				GCC_WARN_64_TO_32_BIT_CONVERSION = YES;
				GCC_WARN_ABOUT_RETURN_TYPE = YES_ERROR;
				GCC_WARN_UNDECLARED_SELECTOR = YES;
				GCC_WARN_UNINITIALIZED_AUTOS = YES_AGGRESSIVE;
				GCC_WARN_UNUSED_FUNCTION = YES;
				GCC_WARN_UNUSED_VARIABLE = YES;
				IPHONEOS_DEPLOYMENT_TARGET = 14.2;
				MTL_ENABLE_DEBUG_INFO = INCLUDE_SOURCE;
				MTL_FAST_MATH = YES;
				ONLY_ACTIVE_ARCH = YES;
				SDKROOT = iphoneos;
				SWIFT_ACTIVE_COMPILATION_CONDITIONS = DEBUG;
				SWIFT_OPTIMIZATION_LEVEL = "-Onone";
			};
			name = Debug;
		};
		667A7AB42571381E003F360A /* Release */ = {
			isa = XCBuildConfiguration;
			buildSettings = {
				ALWAYS_SEARCH_USER_PATHS = NO;
				CLANG_ANALYZER_NONNULL = YES;
				CLANG_ANALYZER_NUMBER_OBJECT_CONVERSION = YES_AGGRESSIVE;
				CLANG_CXX_LANGUAGE_STANDARD = "gnu++14";
				CLANG_CXX_LIBRARY = "libc++";
				CLANG_ENABLE_MODULES = YES;
				CLANG_ENABLE_OBJC_ARC = YES;
				CLANG_ENABLE_OBJC_WEAK = YES;
				CLANG_WARN_BLOCK_CAPTURE_AUTORELEASING = YES;
				CLANG_WARN_BOOL_CONVERSION = YES;
				CLANG_WARN_COMMA = YES;
				CLANG_WARN_CONSTANT_CONVERSION = YES;
				CLANG_WARN_DEPRECATED_OBJC_IMPLEMENTATIONS = YES;
				CLANG_WARN_DIRECT_OBJC_ISA_USAGE = YES_ERROR;
				CLANG_WARN_DOCUMENTATION_COMMENTS = YES;
				CLANG_WARN_EMPTY_BODY = YES;
				CLANG_WARN_ENUM_CONVERSION = YES;
				CLANG_WARN_INFINITE_RECURSION = YES;
				CLANG_WARN_INT_CONVERSION = YES;
				CLANG_WARN_NON_LITERAL_NULL_CONVERSION = YES;
				CLANG_WARN_OBJC_IMPLICIT_RETAIN_SELF = YES;
				CLANG_WARN_OBJC_LITERAL_CONVERSION = YES;
				CLANG_WARN_OBJC_ROOT_CLASS = YES_ERROR;
				CLANG_WARN_QUOTED_INCLUDE_IN_FRAMEWORK_HEADER = YES;
				CLANG_WARN_RANGE_LOOP_ANALYSIS = YES;
				CLANG_WARN_STRICT_PROTOTYPES = YES;
				CLANG_WARN_SUSPICIOUS_MOVE = YES;
				CLANG_WARN_UNGUARDED_AVAILABILITY = YES_AGGRESSIVE;
				CLANG_WARN_UNREACHABLE_CODE = YES;
				CLANG_WARN__DUPLICATE_METHOD_MATCH = YES;
				COPY_PHASE_STRIP = NO;
				DEBUG_INFORMATION_FORMAT = "dwarf-with-dsym";
				ENABLE_NS_ASSERTIONS = NO;
				ENABLE_STRICT_OBJC_MSGSEND = YES;
				GCC_C_LANGUAGE_STANDARD = gnu11;
				GCC_NO_COMMON_BLOCKS = YES;
				GCC_WARN_64_TO_32_BIT_CONVERSION = YES;
				GCC_WARN_ABOUT_RETURN_TYPE = YES_ERROR;
				GCC_WARN_UNDECLARED_SELECTOR = YES;
				GCC_WARN_UNINITIALIZED_AUTOS = YES_AGGRESSIVE;
				GCC_WARN_UNUSED_FUNCTION = YES;
				GCC_WARN_UNUSED_VARIABLE = YES;
				IPHONEOS_DEPLOYMENT_TARGET = 14.2;
				MTL_ENABLE_DEBUG_INFO = NO;
				MTL_FAST_MATH = YES;
				SDKROOT = iphoneos;
				SWIFT_COMPILATION_MODE = wholemodule;
				SWIFT_OPTIMIZATION_LEVEL = "-O";
				VALIDATE_PRODUCT = YES;
			};
			name = Release;
		};
		667A7AB62571381E003F360A /* Debug */ = {
			isa = XCBuildConfiguration;
			baseConfigurationReference = CE93234622900462D07899BE /* Pods-ParseTubeDemo.debug.xcconfig */;
			buildSettings = {
				ASSETCATALOG_COMPILER_APPICON_NAME = AppIcon;
				ASSETCATALOG_COMPILER_GLOBAL_ACCENT_COLOR_NAME = AccentColor;
				CODE_SIGN_STYLE = Automatic;
				DEVELOPMENT_TEAM = BWL8ZHTRL5;
				INFOPLIST_FILE = ParseTubeDemo/Info.plist;
				LD_RUNPATH_SEARCH_PATHS = (
					"$(inherited)",
					"@executable_path/Frameworks",
				);
				PRODUCT_BUNDLE_IDENTIFIER = com.back4app.ParseTubeDemo;
				PRODUCT_NAME = "$(TARGET_NAME)";
				SWIFT_VERSION = 5.0;
				TARGETED_DEVICE_FAMILY = "1,2";
			};
			name = Debug;
		};
		667A7AB72571381E003F360A /* Release */ = {
			isa = XCBuildConfiguration;
			baseConfigurationReference = E3B21574D4D210FBFFFA1770 /* Pods-ParseTubeDemo.release.xcconfig */;
			buildSettings = {
				ASSETCATALOG_COMPILER_APPICON_NAME = AppIcon;
				ASSETCATALOG_COMPILER_GLOBAL_ACCENT_COLOR_NAME = AccentColor;
				CODE_SIGN_STYLE = Automatic;
				DEVELOPMENT_TEAM = BWL8ZHTRL5;
				INFOPLIST_FILE = ParseTubeDemo/Info.plist;
				LD_RUNPATH_SEARCH_PATHS = (
					"$(inherited)",
					"@executable_path/Frameworks",
				);
				PRODUCT_BUNDLE_IDENTIFIER = com.back4app.ParseTubeDemo;
				PRODUCT_NAME = "$(TARGET_NAME)";
				SWIFT_VERSION = 5.0;
				TARGETED_DEVICE_FAMILY = "1,2";
			};
			name = Release;
		};
/* End XCBuildConfiguration section */

/* Begin XCConfigurationList section */
		667A7A9C2571381B003F360A /* Build configuration list for PBXProject "ParseTubeDemo" */ = {
			isa = XCConfigurationList;
			buildConfigurations = (
				667A7AB32571381E003F360A /* Debug */,
				667A7AB42571381E003F360A /* Release */,
			);
			defaultConfigurationIsVisible = 0;
			defaultConfigurationName = Release;
		};
		667A7AB52571381E003F360A /* Build configuration list for PBXNativeTarget "ParseTubeDemo" */ = {
			isa = XCConfigurationList;
			buildConfigurations = (
				667A7AB62571381E003F360A /* Debug */,
				667A7AB72571381E003F360A /* Release */,
			);
			defaultConfigurationIsVisible = 0;
			defaultConfigurationName = Release;
		};
/* End XCConfigurationList section */
	};
	rootObject = 667A7A992571381B003F360A /* Project object */;
}
